// !$*UTF8*$!
{
	archiveVersion = 1;
	classes = {
	};
	objectVersion = 46;
	objects = {

/* Begin PBXBuildFile section */
		620C4F4C1CAABEB600FC2604 /* main.c in Sources */ = {isa = PBXBuildFile; fileRef = 620C4F4B1CAABEB600FC2604 /* main.c */; };
		620C4F541CAAC38100FC2604 /* my_malloc.c in Sources */ = {isa = PBXBuildFile; fileRef = 620C4F521CAAC38100FC2604 /* my_malloc.c */; };
/* End PBXBuildFile section */

/* Begin PBXCopyFilesBuildPhase section */
		620C4F461CAABEB500FC2604 /* CopyFiles */ = {
			isa = PBXCopyFilesBuildPhase;
			buildActionMask = 2147483647;
			dstPath = /usr/share/man/man1/;
			dstSubfolderSpec = 0;
			files = (
			);
			runOnlyForDeploymentPostprocessing = 1;
		};
/* End PBXCopyFilesBuildPhase section */

/* Begin PBXFileReference section */
		620C4F481CAABEB600FC2604 /* VirtualMemory */ = {isa = PBXFileReference; explicitFileType = "compiled.mach-o.executable"; includeInIndex = 0; path = VirtualMemory; sourceTree = BUILT_PRODUCTS_DIR; };
		620C4F4B1CAABEB600FC2604 /* main.c */ = {isa = PBXFileReference; lastKnownFileType = sourcecode.c.c; path = main.c; sourceTree = "<group>"; };
		620C4F521CAAC38100FC2604 /* my_malloc.c */ = {isa = PBXFileReference; fileEncoding = 4; lastKnownFileType = sourcecode.c.c; path = my_malloc.c; sourceTree = "<group>"; };
		620C4F531CAAC38100FC2604 /* my_malloc.h */ = {isa = PBXFileReference; fileEncoding = 4; lastKnownFileType = sourcecode.c.h; path = my_malloc.h; sourceTree = "<group>"; };
/* End PBXFileReference section */

/* Begin PBXFrameworksBuildPhase section */
		620C4F451CAABEB500FC2604 /* Frameworks */ = {
			isa = PBXFrameworksBuildPhase;
			buildActionMask = 2147483647;
			files = (
			);
			runOnlyForDeploymentPostprocessing = 0;
		};
/* End PBXFrameworksBuildPhase section */

/* Begin PBXGroup section */
		620C4F3F1CAABEB500FC2604 = {
			isa = PBXGroup;
			children = (
				620C4F4A1CAABEB600FC2604 /* VirtualMemory */,
				620C4F491CAABEB600FC2604 /* Products */,
			);
			sourceTree = "<group>";
		};
		620C4F491CAABEB600FC2604 /* Products */ = {
			isa = PBXGroup;
			children = (
				620C4F481CAABEB600FC2604 /* VirtualMemory */,
			);
			name = Products;
			sourceTree = "<group>";
		};
		620C4F4A1CAABEB600FC2604 /* VirtualMemory */ = {
			isa = PBXGroup;
			children = (
				620C4F4B1CAABEB600FC2604 /* main.c */,
				620C4F521CAAC38100FC2604 /* my_malloc.c */,
				620C4F531CAAC38100FC2604 /* my_malloc.h */,
			);
			path = VirtualMemory;
			sourceTree = "<group>";
		};
/* End PBXGroup section */

/* Begin PBXNativeTarget section */
		620C4F471CAABEB500FC2604 /* VirtualMemory */ = {
			isa = PBXNativeTarget;
			buildConfigurationList = 620C4F4F1CAABEB600FC2604 /* Build configuration list for PBXNativeTarget "VirtualMemory" */;
			buildPhases = (
				620C4F441CAABEB500FC2604 /* Sources */,
				620C4F451CAABEB500FC2604 /* Frameworks */,
				620C4F461CAABEB500FC2604 /* CopyFiles */,
			);
			buildRules = (
			);
			dependencies = (
			);
			name = VirtualMemory;
			productName = VirtualMemory;
			productReference = 620C4F481CAABEB600FC2604 /* VirtualMemory */;
			productType = "com.apple.product-type.tool";
		};
/* End PBXNativeTarget section */

/* Begin PBXProject section */
		620C4F401CAABEB500FC2604 /* Project object */ = {
			isa = PBXProject;
			attributes = {
				LastUpgradeCheck = 0610;
				ORGANIZATIONNAME = "Ronil Mehta";
				TargetAttributes = {
					620C4F471CAABEB500FC2604 = {
						CreatedOnToolsVersion = 6.1.1;
					};
				};
			};
			buildConfigurationList = 620C4F431CAABEB500FC2604 /* Build configuration list for PBXProject "VirtualMemory" */;
			compatibilityVersion = "Xcode 3.2";
			developmentRegion = English;
			hasScannedForEncodings = 0;
			knownRegions = (
				en,
			);
			mainGroup = 620C4F3F1CAABEB500FC2604;
			productRefGroup = 620C4F491CAABEB600FC2604 /* Products */;
			projectDirPath = "";
			projectRoot = "";
			targets = (
				620C4F471CAABEB500FC2604 /* VirtualMemory */,
			);
		};
/* End PBXProject section */

/* Begin PBXSourcesBuildPhase section */
		620C4F441CAABEB500FC2604 /* Sources */ = {
			isa = PBXSourcesBuildPhase;
			buildActionMask = 2147483647;
			files = (
				620C4F4C1CAABEB600FC2604 /* main.c in Sources */,
				620C4F541CAAC38100FC2604 /* my_malloc.c in Sources */,
			);
			runOnlyForDeploymentPostprocessing = 0;
		};
/* End PBXSourcesBuildPhase section */

/* Begin XCBuildConfiguration section */
		620C4F4D1CAABEB600FC2604 /* Debug */ = {
			isa = XCBuildConfiguration;
			buildSettings = {
				ALWAYS_SEARCH_USER_PATHS = NO;
				CLANG_CXX_LANGUAGE_STANDARD = "gnu++0x";
				CLANG_CXX_LIBRARY = "libc++";
				CLANG_ENABLE_MODULES = YES;
				CLANG_ENABLE_OBJC_ARC = YES;
				CLANG_WARN_BOOL_CONVERSION = YES;
				CLANG_WARN_CONSTANT_CONVERSION = YES;
				CLANG_WARN_DIRECT_OBJC_ISA_USAGE = YES_ERROR;
				CLANG_WARN_EMPTY_BODY = YES;
				CLANG_WARN_ENUM_CONVERSION = YES;
				CLANG_WARN_INT_CONVERSION = YES;
				CLANG_WARN_OBJC_ROOT_CLASS = YES_ERROR;
				CLANG_WARN_UNREACHABLE_CODE = YES;
				CLANG_WARN__DUPLICATE_METHOD_MATCH = YES;
				COPY_PHASE_STRIP = NO;
				ENABLE_STRICT_OBJC_MSGSEND = YES;
				GCC_C_LANGUAGE_STANDARD = gnu99;
				GCC_DYNAMIC_NO_PIC = NO;
				GCC_OPTIMIZATION_LEVEL = 0;
				GCC_PREPROCESSOR_DEFINITIONS = (
					"DEBUG=1",
					"$(inherited)",
				);
				GCC_SYMBOLS_PRIVATE_EXTERN = NO;
				GCC_WARN_64_TO_32_BIT_CONVERSION = YES;
				GCC_WARN_ABOUT_RETURN_TYPE = YES_ERROR;
				GCC_WARN_UNDECLARED_SELECTOR = YES;
				GCC_WARN_UNINITIALIZED_AUTOS = YES_AGGRESSIVE;
				GCC_WARN_UNUSED_FUNCTION = YES;
				GCC_WARN_UNUSED_VARIABLE = YES;
				MACOSX_DEPLOYMENT_TARGET = 10.10;
				MTL_ENABLE_DEBUG_INFO = YES;
				ONLY_ACTIVE_ARCH = YES;
				SDKROOT = macosx;
			};
			name = Debug;
		};
		620C4F4E1CAABEB600FC2604 /* Release */ = {
			isa = XCBuildConfiguration;
			buildSettings = {
				ALWAYS_SEARCH_USER_PATHS = NO;
				CLANG_CXX_LANGUAGE_STANDARD = "gnu++0x";
				CLANG_CXX_LIBRARY = "libc++";
				CLANG_ENABLE_MODULES = YES;
				CLANG_ENABLE_OBJC_ARC = YES;
				CLANG_WARN_BOOL_CONVERSION = YES;
				CLANG_WARN_CONSTANT_CONVERSION = YES;
				CLANG_WARN_DIRECT_OBJC_ISA_USAGE = YES_ERROR;
				CLANG_WARN_EMPTY_BODY = YES;
				CLANG_WARN_ENUM_CONVERSION = YES;
				CLANG_WARN_INT_CONVERSION = YES;
				CLANG_WARN_OBJC_ROOT_CLASS = YES_ERROR;
				CLANG_WARN_UNREACHABLE_CODE = YES;
				CLANG_WARN__DUPLICATE_METHOD_MATCH = YES;
				COPY_PHASE_STRIP = YES;
				DEBUG_INFORMATION_FORMAT = "dwarf-with-dsym";
				ENABLE_NS_ASSERTIONS = NO;
				ENABLE_STRICT_OBJC_MSGSEND = YES;
				GCC_C_LANGUAGE_STANDARD = gnu99;
				GCC_WARN_64_TO_32_BIT_CONVERSION = YES;
				GCC_WARN_ABOUT_RETURN_TYPE = YES_ERROR;
				GCC_WARN_UNDECLARED_SELECTOR = YES;
				GCC_WARN_UNINITIALIZED_AUTOS = YES_AGGRESSIVE;
				GCC_WARN_UNUSED_FUNCTION = YES;
				GCC_WARN_UNUSED_VARIABLE = YES;
				MACOSX_DEPLOYMENT_TARGET = 10.10;
				MTL_ENABLE_DEBUG_INFO = NO;
				SDKROOT = macosx;
			};
			name = Release;
		};
		620C4F501CAABEB600FC2604 /* Debug */ = {
			isa = XCBuildConfiguration;
			buildSettings = {
				PRODUCT_NAME = "$(TARGET_NAME)";
			};
			name = Debug;
		};
		620C4F511CAABEB600FC2604 /* Release */ = {
			isa = XCBuildConfiguration;
			buildSettings = {
				PRODUCT_NAME = "$(TARGET_NAME)";
			};
			name = Release;
		};
/* End XCBuildConfiguration section */

/* Begin XCConfigurationList section */
		620C4F431CAABEB500FC2604 /* Build configuration list for PBXProject "VirtualMemory" */ = {
			isa = XCConfigurationList;
			buildConfigurations = (
				620C4F4D1CAABEB600FC2604 /* Debug */,
				620C4F4E1CAABEB600FC2604 /* Release */,
			);
			defaultConfigurationIsVisible = 0;
			defaultConfigurationName = Release;
		};
		620C4F4F1CAABEB600FC2604 /* Build configuration list for PBXNativeTarget "VirtualMemory" */ = {
			isa = XCConfigurationList;
			buildConfigurations = (
				620C4F501CAABEB600FC2604 /* Debug */,
				620C4F511CAABEB600FC2604 /* Release */,
			);
			defaultConfigurationIsVisible = 0;
			defaultConfigurationName = Release;
		};
/* End XCConfigurationList section */
	};
	rootObject = 620C4F401CAABEB500FC2604 /* Project object */;
}
